
Microsoft Visual Studio Solution File, Format Version 12.00
# Visual Studio Version 16
VisualStudioVersion = 16.0.29009.5
MinimumVisualStudioVersion = 10.0.40219.1
Project("{9A19103F-16F7-4668-BE54-9A1E7A4F7556}") = "OnlineGroceryStore", "OnlineGroceryStore\OnlineGroceryStore.csproj", "{110C03C1-015A-48B2-86F0-8E9201DF11E3}"
EndProject
Project("{FAE04EC0-301F-11D3-BF4B-00C04F79EFBC}") = "OnlineGroceryStore.UnitTest", "UnitTest\OnlineGroceryStore.UnitTest.csproj", "{DDD0CD79-2652-416B-A4A0-73E6CC9AC6CD}"
EndProject
Global
	GlobalSection(SolutionConfigurationPlatforms) = preSolution
		Debug|Any CPU = Debug|Any CPU
		Release|Any CPU = Release|Any CPU
	EndGlobalSection
	GlobalSection(ProjectConfigurationPlatforms) = postSolution
		{110C03C1-015A-48B2-86F0-8E9201DF11E3}.Debug|Any CPU.ActiveCfg = Debug|Any CPU
		{110C03C1-015A-48B2-86F0-8E9201DF11E3}.Debug|Any CPU.Build.0 = Debug|Any CPU
		{110C03C1-015A-48B2-86F0-8E9201DF11E3}.Release|Any CPU.ActiveCfg = Release|Any CPU
		{110C03C1-015A-48B2-86F0-8E9201DF11E3}.Release|Any CPU.Build.0 = Release|Any CPU
		{DDD0CD79-2652-416B-A4A0-73E6CC9AC6CD}.Debug|Any CPU.ActiveCfg = Debug|Any CPU
		{DDD0CD79-2652-416B-A4A0-73E6CC9AC6CD}.Debug|Any CPU.Build.0 = Debug|Any CPU
		{DDD0CD79-2652-416B-A4A0-73E6CC9AC6CD}.Release|Any CPU.ActiveCfg = Release|Any CPU
		{DDD0CD79-2652-416B-A4A0-73E6CC9AC6CD}.Release|Any CPU.Build.0 = Release|Any CPU
	EndGlobalSection
	GlobalSection(SolutionProperties) = preSolution
		HideSolutionNode = FALSE
	EndGlobalSection
	GlobalSection(ExtensibilityGlobals) = postSolution
		SolutionGuid = {3332B8B3-7ED2-4C99-AE08-5AEF982CA0F0}
	EndGlobalSection
EndGlobal
